
Microsoft Visual Studio Solution File, Format Version 12.00
# Visual Studio Version 17
VisualStudioVersion = 17.5.33502.453
MinimumVisualStudioVersion = 10.0.40219.1
Project("{FAE04EC0-301F-11D3-BF4B-00C04F79EFBC}") = "Zad_7", "Zad_7\Zad_7.csproj", "{FD2C3244-102E-4AC9-8C3A-6EFB6B596B0E}"
EndProject
Global
	GlobalSection(SolutionConfigurationPlatforms) = preSolution
		Debug|Any CPU = Debug|Any CPU
		Release|Any CPU = Release|Any CPU
	EndGlobalSection
	GlobalSection(ProjectConfigurationPlatforms) = postSolution
		{FD2C3244-102E-4AC9-8C3A-6EFB6B596B0E}.Debug|Any CPU.ActiveCfg = Debug|Any CPU
		{FD2C3244-102E-4AC9-8C3A-6EFB6B596B0E}.Debug|Any CPU.Build.0 = Debug|Any CPU
		{FD2C3244-102E-4AC9-8C3A-6EFB6B596B0E}.Release|Any CPU.ActiveCfg = Release|Any CPU
		{FD2C3244-102E-4AC9-8C3A-6EFB6B596B0E}.Release|Any CPU.Build.0 = Release|Any CPU
	EndGlobalSection
	GlobalSection(SolutionProperties) = preSolution
		HideSolutionNode = FALSE
	EndGlobalSection
	GlobalSection(ExtensibilityGlobals) = postSolution
		SolutionGuid = {541763A5-3E66-4D36-882F-762867888828}
	EndGlobalSection
EndGlobal
