
Microsoft Visual Studio Solution File, Format Version 12.00
# Visual Studio Version 17
VisualStudioVersion = 17.5.33502.453
MinimumVisualStudioVersion = 10.0.40219.1
Project("{FAE04EC0-301F-11D3-BF4B-00C04F79EFBC}") = "ConsoleApp1", "ConsoleApp1\ConsoleApp1.csproj", "{71378C5A-A3E8-41BC-B2DB-F58CEF0FC577}"
EndProject
Global
	GlobalSection(SolutionConfigurationPlatforms) = preSolution
		Debug|Any CPU = Debug|Any CPU
		Release|Any CPU = Release|Any CPU
	EndGlobalSection
	GlobalSection(ProjectConfigurationPlatforms) = postSolution
		{71378C5A-A3E8-41BC-B2DB-F58CEF0FC577}.Debug|Any CPU.ActiveCfg = Debug|Any CPU
		{71378C5A-A3E8-41BC-B2DB-F58CEF0FC577}.Debug|Any CPU.Build.0 = Debug|Any CPU
		{71378C5A-A3E8-41BC-B2DB-F58CEF0FC577}.Release|Any CPU.ActiveCfg = Release|Any CPU
		{71378C5A-A3E8-41BC-B2DB-F58CEF0FC577}.Release|Any CPU.Build.0 = Release|Any CPU
	EndGlobalSection
	GlobalSection(SolutionProperties) = preSolution
		HideSolutionNode = FALSE
	EndGlobalSection
	GlobalSection(ExtensibilityGlobals) = postSolution
		SolutionGuid = {A78937B9-E480-44FB-8FD1-3C4990679CA4}
	EndGlobalSection
EndGlobal
