
Microsoft Visual Studio Solution File, Format Version 12.00
# Visual Studio Version 17
VisualStudioVersion = 17.5.33502.453
MinimumVisualStudioVersion = 10.0.40219.1
Project("{FAE04EC0-301F-11D3-BF4B-00C04F79EFBC}") = "Zad_10", "Zad_10\Zad_10.csproj", "{0629EBCF-5147-4906-8A86-D5A428A518CD}"
EndProject
Global
	GlobalSection(SolutionConfigurationPlatforms) = preSolution
		Debug|Any CPU = Debug|Any CPU
		Release|Any CPU = Release|Any CPU
	EndGlobalSection
	GlobalSection(ProjectConfigurationPlatforms) = postSolution
		{0629EBCF-5147-4906-8A86-D5A428A518CD}.Debug|Any CPU.ActiveCfg = Debug|Any CPU
		{0629EBCF-5147-4906-8A86-D5A428A518CD}.Debug|Any CPU.Build.0 = Debug|Any CPU
		{0629EBCF-5147-4906-8A86-D5A428A518CD}.Release|Any CPU.ActiveCfg = Release|Any CPU
		{0629EBCF-5147-4906-8A86-D5A428A518CD}.Release|Any CPU.Build.0 = Release|Any CPU
	EndGlobalSection
	GlobalSection(SolutionProperties) = preSolution
		HideSolutionNode = FALSE
	EndGlobalSection
	GlobalSection(ExtensibilityGlobals) = postSolution
		SolutionGuid = {875623AE-29D0-41F9-85A3-9F1429849EA9}
	EndGlobalSection
EndGlobal
